
Microsoft Visual Studio Solution File, Format Version 12.00
# Visual Studio Version 16
VisualStudioVersion = 16.0.30128.74
MinimumVisualStudioVersion = 10.0.40219.1
Project("{FAE04EC0-301F-11D3-BF4B-00C04F79EFBC}") = "ProjectenOef", "ProjectenOef\ProjectenOef.csproj", "{106FD36C-EFFB-4C23-AE64-22D3CC569BB9}"
EndProject
Global
	GlobalSection(SolutionConfigurationPlatforms) = preSolution
		Debug|Any CPU = Debug|Any CPU
		Release|Any CPU = Release|Any CPU
	EndGlobalSection
	GlobalSection(ProjectConfigurationPlatforms) = postSolution
		{106FD36C-EFFB-4C23-AE64-22D3CC569BB9}.Debug|Any CPU.ActiveCfg = Debug|Any CPU
		{106FD36C-EFFB-4C23-AE64-22D3CC569BB9}.Debug|Any CPU.Build.0 = Debug|Any CPU
		{106FD36C-EFFB-4C23-AE64-22D3CC569BB9}.Release|Any CPU.ActiveCfg = Release|Any CPU
		{106FD36C-EFFB-4C23-AE64-22D3CC569BB9}.Release|Any CPU.Build.0 = Release|Any CPU
	EndGlobalSection
	GlobalSection(SolutionProperties) = preSolution
		HideSolutionNode = FALSE
	EndGlobalSection
	GlobalSection(ExtensibilityGlobals) = postSolution
		SolutionGuid = {47D726C7-7AB4-4031-B33B-25317FF57585}
	EndGlobalSection
EndGlobal
